// !$*UTF8*$!
{
	archiveVersion = 1;
	classes = {
	};
	objectVersion = 46;
	objects = {

/* Begin PBXBuildFile section */
		342C99391DB45DD30067B631 /* EstimatedHeightViewController.m in Sources */ = {isa = PBXBuildFile; fileRef = 342C99381DB45DD30067B631 /* EstimatedHeightViewController.m */; };
		342C993D1DB45F870067B631 /* C6.m in Sources */ = {isa = PBXBuildFile; fileRef = 342C993B1DB45F870067B631 /* C6.m */; };
		342C993E1DB45F870067B631 /* C6.xib in Resources */ = {isa = PBXBuildFile; fileRef = 342C993C1DB45F870067B631 /* C6.xib */; };
		CCA29AFB1B60C5A600AEA72A /* main.m in Sources */ = {isa = PBXBuildFile; fileRef = CCA29AFA1B60C5A600AEA72A /* main.m */; };
		CCA29AFE1B60C5A600AEA72A /* AppDelegate.m in Sources */ = {isa = PBXBuildFile; fileRef = CCA29AFD1B60C5A600AEA72A /* AppDelegate.m */; };
		CCA29B011B60C5A600AEA72A /* ViewController.m in Sources */ = {isa = PBXBuildFile; fileRef = CCA29B001B60C5A600AEA72A /* ViewController.m */; };
		CCA29B041B60C5A600AEA72A /* Main.storyboard in Resources */ = {isa = PBXBuildFile; fileRef = CCA29B021B60C5A600AEA72A /* Main.storyboard */; };
		CCA29B061B60C5A600AEA72A /* Images.xcassets in Resources */ = {isa = PBXBuildFile; fileRef = CCA29B051B60C5A600AEA72A /* Images.xcassets */; };
		CCA29B091B60C5A600AEA72A /* LaunchScreen.xib in Resources */ = {isa = PBXBuildFile; fileRef = CCA29B071B60C5A600AEA72A /* LaunchScreen.xib */; };
		CCA29B231B60D77300AEA72A /* AutoLayoutWithTextViewController.m in Sources */ = {isa = PBXBuildFile; fileRef = CCA29B221B60D77300AEA72A /* AutoLayoutWithTextViewController.m */; };
		CCA29B261B60D79000AEA72A /* ManualLayoutWithLabelController.m in Sources */ = {isa = PBXBuildFile; fileRef = CCA29B251B60D79000AEA72A /* ManualLayoutWithLabelController.m */; };
		CCA29B291B60D7A800AEA72A /* ManualLayoutWithTextViewController.m in Sources */ = {isa = PBXBuildFile; fileRef = CCA29B281B60D7A800AEA72A /* ManualLayoutWithTextViewController.m */; };
		CCA29B2C1B60D7CF00AEA72A /* AutoLayoutWithLabelController.m in Sources */ = {isa = PBXBuildFile; fileRef = CCA29B2B1B60D7CF00AEA72A /* AutoLayoutWithLabelController.m */; };
		CCA29B341B60D88D00AEA72A /* C1TableViewCell.m in Sources */ = {isa = PBXBuildFile; fileRef = CCA29B321B60D88D00AEA72A /* C1TableViewCell.m */; };
		CCA29B351B60D88D00AEA72A /* C1TableViewCell.xib in Resources */ = {isa = PBXBuildFile; fileRef = CCA29B331B60D88D00AEA72A /* C1TableViewCell.xib */; };
		CCA29B391B60E81900AEA72A /* icon_cell.png in Resources */ = {isa = PBXBuildFile; fileRef = CCA29B381B60E81900AEA72A /* icon_cell.png */; };
		CCA29B3D1B60E85200AEA72A /* C2.m in Sources */ = {isa = PBXBuildFile; fileRef = CCA29B3B1B60E85200AEA72A /* C2.m */; };
		CCA29B3E1B60E85200AEA72A /* C2.xib in Resources */ = {isa = PBXBuildFile; fileRef = CCA29B3C1B60E85200AEA72A /* C2.xib */; };
		CCEE2AC61B61D46D002436F8 /* C3.m in Sources */ = {isa = PBXBuildFile; fileRef = CCEE2AC41B61D46D002436F8 /* C3.m */; };
		CCEE2AC71B61D46D002436F8 /* C3.xib in Resources */ = {isa = PBXBuildFile; fileRef = CCEE2AC51B61D46D002436F8 /* C3.xib */; };
		CCEE2ACA1B61D51F002436F8 /* NSString+Kit.m in Sources */ = {isa = PBXBuildFile; fileRef = CCEE2AC91B61D51F002436F8 /* NSString+Kit.m */; };
		CCEE2AD41B61D8F2002436F8 /* C4.m in Sources */ = {isa = PBXBuildFile; fileRef = CCEE2AD21B61D8F2002436F8 /* C4.m */; };
		CCEE2AD51B61D8F2002436F8 /* C4.xib in Resources */ = {isa = PBXBuildFile; fileRef = CCEE2AD31B61D8F2002436F8 /* C4.xib */; };
		CCEE2AD91B61EED7002436F8 /* AutoHeightWithTextViewController.m in Sources */ = {isa = PBXBuildFile; fileRef = CCEE2AD81B61EED7002436F8 /* AutoHeightWithTextViewController.m */; };
		CCEE2AE21B61EFD1002436F8 /* C5.m in Sources */ = {isa = PBXBuildFile; fileRef = CCEE2AE01B61EFD1002436F8 /* C5.m */; };
		CCEE2AE31B61EFD1002436F8 /* C5.xib in Resources */ = {isa = PBXBuildFile; fileRef = CCEE2AE11B61EFD1002436F8 /* C5.xib */; };
/* End PBXBuildFile section */

/* Begin PBXFileReference section */
		342C99371DB45DD30067B631 /* EstimatedHeightViewController.h */ = {isa = PBXFileReference; fileEncoding = 4; lastKnownFileType = sourcecode.c.h; path = EstimatedHeightViewController.h; sourceTree = "<group>"; };
		342C99381DB45DD30067B631 /* EstimatedHeightViewController.m */ = {isa = PBXFileReference; fileEncoding = 4; lastKnownFileType = sourcecode.c.objc; path = EstimatedHeightViewController.m; sourceTree = "<group>"; };
		342C993A1DB45F870067B631 /* C6.h */ = {isa = PBXFileReference; fileEncoding = 4; lastKnownFileType = sourcecode.c.h; path = C6.h; sourceTree = "<group>"; };
		342C993B1DB45F870067B631 /* C6.m */ = {isa = PBXFileReference; fileEncoding = 4; lastKnownFileType = sourcecode.c.objc; path = C6.m; sourceTree = "<group>"; };
		342C993C1DB45F870067B631 /* C6.xib */ = {isa = PBXFileReference; fileEncoding = 4; lastKnownFileType = file.xib; path = C6.xib; sourceTree = "<group>"; };
		CCA29AF51B60C5A600AEA72A /* 计算TableView高度.temp_caseinsensitive_rename.temp_caseinsensitive_rename.app */ = {isa = PBXFileReference; explicitFileType = wrapper.application; includeInIndex = 0; path = "计算TableView高度.temp_caseinsensitive_rename.temp_caseinsensitive_rename.app"; sourceTree = BUILT_PRODUCTS_DIR; };
		CCA29AF91B60C5A600AEA72A /* Info.plist */ = {isa = PBXFileReference; lastKnownFileType = text.plist.xml; path = Info.plist; sourceTree = "<group>"; };
		CCA29AFA1B60C5A600AEA72A /* main.m */ = {isa = PBXFileReference; lastKnownFileType = sourcecode.c.objc; path = main.m; sourceTree = "<group>"; };
		CCA29AFC1B60C5A600AEA72A /* AppDelegate.h */ = {isa = PBXFileReference; lastKnownFileType = sourcecode.c.h; path = AppDelegate.h; sourceTree = "<group>"; };
		CCA29AFD1B60C5A600AEA72A /* AppDelegate.m */ = {isa = PBXFileReference; lastKnownFileType = sourcecode.c.objc; path = AppDelegate.m; sourceTree = "<group>"; };
		CCA29AFF1B60C5A600AEA72A /* ViewController.h */ = {isa = PBXFileReference; lastKnownFileType = sourcecode.c.h; path = ViewController.h; sourceTree = "<group>"; };
		CCA29B001B60C5A600AEA72A /* ViewController.m */ = {isa = PBXFileReference; lastKnownFileType = sourcecode.c.objc; path = ViewController.m; sourceTree = "<group>"; };
		CCA29B031B60C5A600AEA72A /* Base */ = {isa = PBXFileReference; lastKnownFileType = file.storyboard; name = Base; path = Base.lproj/Main.storyboard; sourceTree = "<group>"; };
		CCA29B051B60C5A600AEA72A /* Images.xcassets */ = {isa = PBXFileReference; lastKnownFileType = folder.assetcatalog; path = Images.xcassets; sourceTree = "<group>"; };
		CCA29B081B60C5A600AEA72A /* Base */ = {isa = PBXFileReference; lastKnownFileType = file.xib; name = Base; path = Base.lproj/LaunchScreen.xib; sourceTree = "<group>"; };
		CCA29B131B60C5A600AEA72A /* Info.plist */ = {isa = PBXFileReference; lastKnownFileType = text.plist.xml; path = Info.plist; sourceTree = "<group>"; };
		CCA29B141B60C5A600AEA72A /* ____TableView__Tests.m */ = {isa = PBXFileReference; lastKnownFileType = sourcecode.c.objc; path = "____TableView__Tests.m"; sourceTree = "<group>"; };
		CCA29B211B60D77300AEA72A /* AutoLayoutWithTextViewController.h */ = {isa = PBXFileReference; fileEncoding = 4; lastKnownFileType = sourcecode.c.h; path = AutoLayoutWithTextViewController.h; sourceTree = "<group>"; };
		CCA29B221B60D77300AEA72A /* AutoLayoutWithTextViewController.m */ = {isa = PBXFileReference; fileEncoding = 4; lastKnownFileType = sourcecode.c.objc; path = AutoLayoutWithTextViewController.m; sourceTree = "<group>"; };
		CCA29B241B60D79000AEA72A /* ManualLayoutWithLabelController.h */ = {isa = PBXFileReference; fileEncoding = 4; lastKnownFileType = sourcecode.c.h; path = ManualLayoutWithLabelController.h; sourceTree = "<group>"; };
		CCA29B251B60D79000AEA72A /* ManualLayoutWithLabelController.m */ = {isa = PBXFileReference; fileEncoding = 4; lastKnownFileType = sourcecode.c.objc; path = ManualLayoutWithLabelController.m; sourceTree = "<group>"; };
		CCA29B271B60D7A800AEA72A /* ManualLayoutWithTextViewController.h */ = {isa = PBXFileReference; fileEncoding = 4; lastKnownFileType = sourcecode.c.h; path = ManualLayoutWithTextViewController.h; sourceTree = "<group>"; };
		CCA29B281B60D7A800AEA72A /* ManualLayoutWithTextViewController.m */ = {isa = PBXFileReference; fileEncoding = 4; lastKnownFileType = sourcecode.c.objc; path = ManualLayoutWithTextViewController.m; sourceTree = "<group>"; };
		CCA29B2A1B60D7CF00AEA72A /* AutoLayoutWithLabelController.h */ = {isa = PBXFileReference; fileEncoding = 4; lastKnownFileType = sourcecode.c.h; path = AutoLayoutWithLabelController.h; sourceTree = "<group>"; };
		CCA29B2B1B60D7CF00AEA72A /* AutoLayoutWithLabelController.m */ = {isa = PBXFileReference; fileEncoding = 4; lastKnownFileType = sourcecode.c.objc; path = AutoLayoutWithLabelController.m; sourceTree = "<group>"; };
		CCA29B311B60D88D00AEA72A /* C1TableViewCell.h */ = {isa = PBXFileReference; fileEncoding = 4; lastKnownFileType = sourcecode.c.h; path = C1TableViewCell.h; sourceTree = "<group>"; };
		CCA29B321B60D88D00AEA72A /* C1TableViewCell.m */ = {isa = PBXFileReference; fileEncoding = 4; lastKnownFileType = sourcecode.c.objc; path = C1TableViewCell.m; sourceTree = "<group>"; };
		CCA29B331B60D88D00AEA72A /* C1TableViewCell.xib */ = {isa = PBXFileReference; fileEncoding = 4; lastKnownFileType = file.xib; path = C1TableViewCell.xib; sourceTree = "<group>"; };
		CCA29B381B60E81900AEA72A /* icon_cell.png */ = {isa = PBXFileReference; lastKnownFileType = image.png; path = icon_cell.png; sourceTree = "<group>"; };
		CCA29B3A1B60E85200AEA72A /* C2.h */ = {isa = PBXFileReference; fileEncoding = 4; lastKnownFileType = sourcecode.c.h; path = C2.h; sourceTree = "<group>"; };
		CCA29B3B1B60E85200AEA72A /* C2.m */ = {isa = PBXFileReference; fileEncoding = 4; lastKnownFileType = sourcecode.c.objc; path = C2.m; sourceTree = "<group>"; };
		CCA29B3C1B60E85200AEA72A /* C2.xib */ = {isa = PBXFileReference; fileEncoding = 4; lastKnownFileType = file.xib; path = C2.xib; sourceTree = "<group>"; };
		CCEE2AC31B61D46D002436F8 /* C3.h */ = {isa = PBXFileReference; fileEncoding = 4; lastKnownFileType = sourcecode.c.h; path = C3.h; sourceTree = "<group>"; };
		CCEE2AC41B61D46D002436F8 /* C3.m */ = {isa = PBXFileReference; fileEncoding = 4; lastKnownFileType = sourcecode.c.objc; path = C3.m; sourceTree = "<group>"; };
		CCEE2AC51B61D46D002436F8 /* C3.xib */ = {isa = PBXFileReference; fileEncoding = 4; lastKnownFileType = file.xib; path = C3.xib; sourceTree = "<group>"; };
		CCEE2AC81B61D51F002436F8 /* NSString+Kit.h */ = {isa = PBXFileReference; fileEncoding = 4; lastKnownFileType = sourcecode.c.h; path = "NSString+Kit.h"; sourceTree = "<group>"; };
		CCEE2AC91B61D51F002436F8 /* NSString+Kit.m */ = {isa = PBXFileReference; fileEncoding = 4; lastKnownFileType = sourcecode.c.objc; path = "NSString+Kit.m"; sourceTree = "<group>"; };
		CCEE2AD11B61D8F2002436F8 /* C4.h */ = {isa = PBXFileReference; fileEncoding = 4; lastKnownFileType = sourcecode.c.h; path = C4.h; sourceTree = "<group>"; };
		CCEE2AD21B61D8F2002436F8 /* C4.m */ = {isa = PBXFileReference; fileEncoding = 4; lastKnownFileType = sourcecode.c.objc; path = C4.m; sourceTree = "<group>"; };
		CCEE2AD31B61D8F2002436F8 /* C4.xib */ = {isa = PBXFileReference; fileEncoding = 4; lastKnownFileType = file.xib; path = C4.xib; sourceTree = "<group>"; };
		CCEE2AD71B61EED7002436F8 /* AutoHeightWithTextViewController.h */ = {isa = PBXFileReference; fileEncoding = 4; lastKnownFileType = sourcecode.c.h; path = AutoHeightWithTextViewController.h; sourceTree = "<group>"; };
		CCEE2AD81B61EED7002436F8 /* AutoHeightWithTextViewController.m */ = {isa = PBXFileReference; fileEncoding = 4; lastKnownFileType = sourcecode.c.objc; path = AutoHeightWithTextViewController.m; sourceTree = "<group>"; };
		CCEE2ADF1B61EFD1002436F8 /* C5.h */ = {isa = PBXFileReference; fileEncoding = 4; lastKnownFileType = sourcecode.c.h; path = C5.h; sourceTree = "<group>"; };
		CCEE2AE01B61EFD1002436F8 /* C5.m */ = {isa = PBXFileReference; fileEncoding = 4; lastKnownFileType = sourcecode.c.objc; path = C5.m; sourceTree = "<group>"; };
		CCEE2AE11B61EFD1002436F8 /* C5.xib */ = {isa = PBXFileReference; fileEncoding = 4; lastKnownFileType = file.xib; path = C5.xib; sourceTree = "<group>"; };
/* End PBXFileReference section */

/* Begin PBXFrameworksBuildPhase section */
		CCA29AF21B60C5A600AEA72A /* Frameworks */ = {
			isa = PBXFrameworksBuildPhase;
			buildActionMask = 2147483647;
			files = (
			);
			runOnlyForDeploymentPostprocessing = 0;
		};
/* End PBXFrameworksBuildPhase section */

/* Begin PBXGroup section */
		342C99361DB45D6D0067B631 /* EstimatedHeightController */ = {
			isa = PBXGroup;
			children = (
				342C99371DB45DD30067B631 /* EstimatedHeightViewController.h */,
				342C99381DB45DD30067B631 /* EstimatedHeightViewController.m */,
				342C993A1DB45F870067B631 /* C6.h */,
				342C993B1DB45F870067B631 /* C6.m */,
				342C993C1DB45F870067B631 /* C6.xib */,
			);
			name = EstimatedHeightController;
			sourceTree = "<group>";
		};
		CCA29AEC1B60C5A600AEA72A = {
			isa = PBXGroup;
			children = (
				CCA29AF71B60C5A600AEA72A /* 动态计算TableView高度 */,
				CCA29B111B60C5A600AEA72A /* 动态计算TableView高度Tests */,
				CCA29AF61B60C5A600AEA72A /* Products */,
			);
			sourceTree = "<group>";
		};
		CCA29AF61B60C5A600AEA72A /* Products */ = {
			isa = PBXGroup;
			children = (
				CCA29AF51B60C5A600AEA72A /* 计算TableView高度.temp_caseinsensitive_rename.temp_caseinsensitive_rename.app */,
			);
			name = Products;
			sourceTree = "<group>";
		};
		CCA29AF71B60C5A600AEA72A /* 动态计算TableView高度 */ = {
			isa = PBXGroup;
			children = (
				CCA29B381B60E81900AEA72A /* icon_cell.png */,
				CCA29B201B60D73B00AEA72A /* ViewControllers */,
				CCA29AFC1B60C5A600AEA72A /* AppDelegate.h */,
				CCA29AFD1B60C5A600AEA72A /* AppDelegate.m */,
				CCA29AFF1B60C5A600AEA72A /* ViewController.h */,
				CCA29B001B60C5A600AEA72A /* ViewController.m */,
				CCA29B021B60C5A600AEA72A /* Main.storyboard */,
				CCA29B051B60C5A600AEA72A /* Images.xcassets */,
				CCA29B071B60C5A600AEA72A /* LaunchScreen.xib */,
				CCA29AF81B60C5A600AEA72A /* Supporting Files */,
				CCEE2AC81B61D51F002436F8 /* NSString+Kit.h */,
				CCEE2AC91B61D51F002436F8 /* NSString+Kit.m */,
			);
			path = "动态计算TableView高度";
			sourceTree = "<group>";
		};
		CCA29AF81B60C5A600AEA72A /* Supporting Files */ = {
			isa = PBXGroup;
			children = (
				CCA29AF91B60C5A600AEA72A /* Info.plist */,
				CCA29AFA1B60C5A600AEA72A /* main.m */,
			);
			name = "Supporting Files";
			sourceTree = "<group>";
		};
		CCA29B111B60C5A600AEA72A /* 动态计算TableView高度Tests */ = {
			isa = PBXGroup;
			children = (
				CCA29B141B60C5A600AEA72A /* ____TableView__Tests.m */,
				CCA29B121B60C5A600AEA72A /* Supporting Files */,
			);
			path = "动态计算TableView高度Tests";
			sourceTree = "<group>";
		};
		CCA29B121B60C5A600AEA72A /* Supporting Files */ = {
			isa = PBXGroup;
			children = (
				CCA29B131B60C5A600AEA72A /* Info.plist */,
			);
			name = "Supporting Files";
			sourceTree = "<group>";
		};
		CCA29B201B60D73B00AEA72A /* ViewControllers */ = {
			isa = PBXGroup;
			children = (
				342C99361DB45D6D0067B631 /* EstimatedHeightController */,
				CCA29B2D1B60D81B00AEA72A /* AutoLayoutWithLabelController */,
				CCA29B2E1B60D82600AEA72A /* AutoLayoutWithTextViewController */,
				CCA29B2F1B60D83900AEA72A /* ManualLayoutWithLabelController */,
				CCA29B301B60D84400AEA72A /* ManualLayoutWithTextViewController */,
				CCEE2AD61B61EC8D002436F8 /* AutoHeightWithTextViewController */,
			);
			name = ViewControllers;
			sourceTree = "<group>";
		};
		CCA29B2D1B60D81B00AEA72A /* AutoLayoutWithLabelController */ = {
			isa = PBXGroup;
			children = (
				CCA29B2A1B60D7CF00AEA72A /* AutoLayoutWithLabelController.h */,
				CCA29B2B1B60D7CF00AEA72A /* AutoLayoutWithLabelController.m */,
				CCA29B311B60D88D00AEA72A /* C1TableViewCell.h */,
				CCA29B321B60D88D00AEA72A /* C1TableViewCell.m */,
				CCA29B331B60D88D00AEA72A /* C1TableViewCell.xib */,
			);
			name = AutoLayoutWithLabelController;
			sourceTree = "<group>";
		};
		CCA29B2E1B60D82600AEA72A /* AutoLayoutWithTextViewController */ = {
			isa = PBXGroup;
			children = (
				CCA29B211B60D77300AEA72A /* AutoLayoutWithTextViewController.h */,
				CCA29B221B60D77300AEA72A /* AutoLayoutWithTextViewController.m */,
				CCA29B3A1B60E85200AEA72A /* C2.h */,
				CCA29B3B1B60E85200AEA72A /* C2.m */,
				CCA29B3C1B60E85200AEA72A /* C2.xib */,
			);
			name = AutoLayoutWithTextViewController;
			sourceTree = "<group>";
		};
		CCA29B2F1B60D83900AEA72A /* ManualLayoutWithLabelController */ = {
			isa = PBXGroup;
			children = (
				CCA29B241B60D79000AEA72A /* ManualLayoutWithLabelController.h */,
				CCA29B251B60D79000AEA72A /* ManualLayoutWithLabelController.m */,
				CCEE2AC31B61D46D002436F8 /* C3.h */,
				CCEE2AC41B61D46D002436F8 /* C3.m */,
				CCEE2AC51B61D46D002436F8 /* C3.xib */,
			);
			name = ManualLayoutWithLabelController;
			sourceTree = "<group>";
		};
		CCA29B301B60D84400AEA72A /* ManualLayoutWithTextViewController */ = {
			isa = PBXGroup;
			children = (
				CCA29B271B60D7A800AEA72A /* ManualLayoutWithTextViewController.h */,
				CCA29B281B60D7A800AEA72A /* ManualLayoutWithTextViewController.m */,
				CCEE2AD11B61D8F2002436F8 /* C4.h */,
				CCEE2AD21B61D8F2002436F8 /* C4.m */,
				CCEE2AD31B61D8F2002436F8 /* C4.xib */,
			);
			name = ManualLayoutWithTextViewController;
			sourceTree = "<group>";
		};
		CCEE2AD61B61EC8D002436F8 /* AutoHeightWithTextViewController */ = {
			isa = PBXGroup;
			children = (
				CCEE2AD71B61EED7002436F8 /* AutoHeightWithTextViewController.h */,
				CCEE2AD81B61EED7002436F8 /* AutoHeightWithTextViewController.m */,
				CCEE2ADF1B61EFD1002436F8 /* C5.h */,
				CCEE2AE01B61EFD1002436F8 /* C5.m */,
				CCEE2AE11B61EFD1002436F8 /* C5.xib */,
			);
			name = AutoHeightWithTextViewController;
			sourceTree = "<group>";
		};
/* End PBXGroup section */

/* Begin PBXNativeTarget section */
		CCA29AF41B60C5A600AEA72A /* 计算TableView高度.temp_caseinsensitive_rename.temp_caseinsensitive_rename */ = {
			isa = PBXNativeTarget;
			buildConfigurationList = CCA29B181B60C5A600AEA72A /* Build configuration list for PBXNativeTarget "计算TableView高度.temp_caseinsensitive_rename.temp_caseinsensitive_rename" */;
			buildPhases = (
				CCA29AF11B60C5A600AEA72A /* Sources */,
				CCA29AF21B60C5A600AEA72A /* Frameworks */,
				CCA29AF31B60C5A600AEA72A /* Resources */,
			);
			buildRules = (
			);
			dependencies = (
			);
			name = "计算TableView高度.temp_caseinsensitive_rename.temp_caseinsensitive_rename";
			productName = "动态计算TableView高度";
			productReference = CCA29AF51B60C5A600AEA72A /* 计算TableView高度.temp_caseinsensitive_rename.temp_caseinsensitive_rename.app */;
			productType = "com.apple.product-type.application";
		};
/* End PBXNativeTarget section */

/* Begin PBXProject section */
		CCA29AED1B60C5A600AEA72A /* Project object */ = {
			isa = PBXProject;
			attributes = {
				LastUpgradeCheck = 0800;
				ORGANIZATIONNAME = yingying;
				TargetAttributes = {
					CCA29AF41B60C5A600AEA72A = {
						CreatedOnToolsVersion = 6.4;
					};
				};
			};
			buildConfigurationList = CCA29AF01B60C5A600AEA72A /* Build configuration list for PBXProject "计算TableView高度" */;
			compatibilityVersion = "Xcode 3.2";
			developmentRegion = English;
			hasScannedForEncodings = 0;
			knownRegions = (
				en,
				Base,
			);
			mainGroup = CCA29AEC1B60C5A600AEA72A;
			productRefGroup = CCA29AF61B60C5A600AEA72A /* Products */;
			projectDirPath = "";
			projectRoot = "";
			targets = (
				CCA29AF41B60C5A600AEA72A /* 计算TableView高度.temp_caseinsensitive_rename.temp_caseinsensitive_rename */,
			);
		};
/* End PBXProject section */

/* Begin PBXResourcesBuildPhase section */
		CCA29AF31B60C5A600AEA72A /* Resources */ = {
			isa = PBXResourcesBuildPhase;
			buildActionMask = 2147483647;
			files = (
				342C993E1DB45F870067B631 /* C6.xib in Resources */,
				CCA29B391B60E81900AEA72A /* icon_cell.png in Resources */,
				CCA29B041B60C5A600AEA72A /* Main.storyboard in Resources */,
				CCA29B091B60C5A600AEA72A /* LaunchScreen.xib in Resources */,
				CCA29B061B60C5A600AEA72A /* Images.xcassets in Resources */,
				CCA29B3E1B60E85200AEA72A /* C2.xib in Resources */,
				CCA29B351B60D88D00AEA72A /* C1TableViewCell.xib in Resources */,
				CCEE2AD51B61D8F2002436F8 /* C4.xib in Resources */,
				CCEE2AE31B61EFD1002436F8 /* C5.xib in Resources */,
				CCEE2AC71B61D46D002436F8 /* C3.xib in Resources */,
			);
			runOnlyForDeploymentPostprocessing = 0;
		};
/* End PBXResourcesBuildPhase section */

/* Begin PBXSourcesBuildPhase section */
		CCA29AF11B60C5A600AEA72A /* Sources */ = {
			isa = PBXSourcesBuildPhase;
			buildActionMask = 2147483647;
			files = (
				CCA29B231B60D77300AEA72A /* AutoLayoutWithTextViewController.m in Sources */,
				CCA29B291B60D7A800AEA72A /* ManualLayoutWithTextViewController.m in Sources */,
				CCA29B011B60C5A600AEA72A /* ViewController.m in Sources */,
				CCEE2AD91B61EED7002436F8 /* AutoHeightWithTextViewController.m in Sources */,
				CCA29B341B60D88D00AEA72A /* C1TableViewCell.m in Sources */,
				342C99391DB45DD30067B631 /* EstimatedHeightViewController.m in Sources */,
				CCA29AFE1B60C5A600AEA72A /* AppDelegate.m in Sources */,
				CCA29B2C1B60D7CF00AEA72A /* AutoLayoutWithLabelController.m in Sources */,
				342C993D1DB45F870067B631 /* C6.m in Sources */,
				CCEE2AE21B61EFD1002436F8 /* C5.m in Sources */,
				CCEE2AD41B61D8F2002436F8 /* C4.m in Sources */,
				CCEE2ACA1B61D51F002436F8 /* NSString+Kit.m in Sources */,
				CCA29B261B60D79000AEA72A /* ManualLayoutWithLabelController.m in Sources */,
				CCEE2AC61B61D46D002436F8 /* C3.m in Sources */,
				CCA29AFB1B60C5A600AEA72A /* main.m in Sources */,
				CCA29B3D1B60E85200AEA72A /* C2.m in Sources */,
			);
			runOnlyForDeploymentPostprocessing = 0;
		};
/* End PBXSourcesBuildPhase section */

/* Begin PBXVariantGroup section */
		CCA29B021B60C5A600AEA72A /* Main.storyboard */ = {
			isa = PBXVariantGroup;
			children = (
				CCA29B031B60C5A600AEA72A /* Base */,
			);
			name = Main.storyboard;
			sourceTree = "<group>";
		};
		CCA29B071B60C5A600AEA72A /* LaunchScreen.xib */ = {
			isa = PBXVariantGroup;
			children = (
				CCA29B081B60C5A600AEA72A /* Base */,
			);
			name = LaunchScreen.xib;
			sourceTree = "<group>";
		};
/* End PBXVariantGroup section */

/* Begin XCBuildConfiguration section */
		CCA29B161B60C5A600AEA72A /* Debug */ = {
			isa = XCBuildConfiguration;
			buildSettings = {
				ALWAYS_SEARCH_USER_PATHS = NO;
				CLANG_CXX_LANGUAGE_STANDARD = "gnu++0x";
				CLANG_CXX_LIBRARY = "libc++";
				CLANG_ENABLE_MODULES = YES;
				CLANG_ENABLE_OBJC_ARC = YES;
				CLANG_WARN_BOOL_CONVERSION = YES;
				CLANG_WARN_CONSTANT_CONVERSION = YES;
				CLANG_WARN_DIRECT_OBJC_ISA_USAGE = YES_ERROR;
				CLANG_WARN_EMPTY_BODY = YES;
				CLANG_WARN_ENUM_CONVERSION = YES;
				CLANG_WARN_INFINITE_RECURSION = YES;
				CLANG_WARN_INT_CONVERSION = YES;
				CLANG_WARN_OBJC_ROOT_CLASS = YES_ERROR;
				CLANG_WARN_SUSPICIOUS_MOVE = YES;
				CLANG_WARN_UNREACHABLE_CODE = YES;
				CLANG_WARN__DUPLICATE_METHOD_MATCH = YES;
				"CODE_SIGN_IDENTITY[sdk=iphoneos*]" = "iPhone Developer";
				COPY_PHASE_STRIP = NO;
				DEBUG_INFORMATION_FORMAT = "dwarf-with-dsym";
				ENABLE_STRICT_OBJC_MSGSEND = YES;
				ENABLE_TESTABILITY = YES;
				GCC_C_LANGUAGE_STANDARD = gnu99;
				GCC_DYNAMIC_NO_PIC = NO;
				GCC_NO_COMMON_BLOCKS = YES;
				GCC_OPTIMIZATION_LEVEL = 0;
				GCC_PREPROCESSOR_DEFINITIONS = (
					"DEBUG=1",
					"$(inherited)",
				);
				GCC_SYMBOLS_PRIVATE_EXTERN = NO;
				GCC_WARN_64_TO_32_BIT_CONVERSION = YES;
				GCC_WARN_ABOUT_RETURN_TYPE = YES_ERROR;
				GCC_WARN_UNDECLARED_SELECTOR = YES;
				GCC_WARN_UNINITIALIZED_AUTOS = YES_AGGRESSIVE;
				GCC_WARN_UNUSED_FUNCTION = YES;
				GCC_WARN_UNUSED_VARIABLE = YES;
				IPHONEOS_DEPLOYMENT_TARGET = 8.0;
				MTL_ENABLE_DEBUG_INFO = YES;
				ONLY_ACTIVE_ARCH = YES;
				SDKROOT = iphoneos;
			};
			name = Debug;
		};
		CCA29B171B60C5A600AEA72A /* Release */ = {
			isa = XCBuildConfiguration;
			buildSettings = {
				ALWAYS_SEARCH_USER_PATHS = NO;
				CLANG_CXX_LANGUAGE_STANDARD = "gnu++0x";
				CLANG_CXX_LIBRARY = "libc++";
				CLANG_ENABLE_MODULES = YES;
				CLANG_ENABLE_OBJC_ARC = YES;
				CLANG_WARN_BOOL_CONVERSION = YES;
				CLANG_WARN_CONSTANT_CONVERSION = YES;
				CLANG_WARN_DIRECT_OBJC_ISA_USAGE = YES_ERROR;
				CLANG_WARN_EMPTY_BODY = YES;
				CLANG_WARN_ENUM_CONVERSION = YES;
				CLANG_WARN_INFINITE_RECURSION = YES;
				CLANG_WARN_INT_CONVERSION = YES;
				CLANG_WARN_OBJC_ROOT_CLASS = YES_ERROR;
				CLANG_WARN_SUSPICIOUS_MOVE = YES;
				CLANG_WARN_UNREACHABLE_CODE = YES;
				CLANG_WARN__DUPLICATE_METHOD_MATCH = YES;
				"CODE_SIGN_IDENTITY[sdk=iphoneos*]" = "iPhone Developer";
				COPY_PHASE_STRIP = NO;
				DEBUG_INFORMATION_FORMAT = "dwarf-with-dsym";
				ENABLE_NS_ASSERTIONS = NO;
				ENABLE_STRICT_OBJC_MSGSEND = YES;
				GCC_C_LANGUAGE_STANDARD = gnu99;
				GCC_NO_COMMON_BLOCKS = YES;
				GCC_WARN_64_TO_32_BIT_CONVERSION = YES;
				GCC_WARN_ABOUT_RETURN_TYPE = YES_ERROR;
				GCC_WARN_UNDECLARED_SELECTOR = YES;
				GCC_WARN_UNINITIALIZED_AUTOS = YES_AGGRESSIVE;
				GCC_WARN_UNUSED_FUNCTION = YES;
				GCC_WARN_UNUSED_VARIABLE = YES;
				IPHONEOS_DEPLOYMENT_TARGET = 8.0;
				MTL_ENABLE_DEBUG_INFO = NO;
				SDKROOT = iphoneos;
				VALIDATE_PRODUCT = YES;
			};
			name = Release;
		};
		CCA29B191B60C5A600AEA72A /* Debug */ = {
			isa = XCBuildConfiguration;
			buildSettings = {
				ASSETCATALOG_COMPILER_APPICON_NAME = AppIcon;
				INFOPLIST_FILE = "动态计算TableView高度/Info.plist";
				LD_RUNPATH_SEARCH_PATHS = "$(inherited) @executable_path/Frameworks";
				PRODUCT_BUNDLE_IDENTIFIER = "welcom.$(PRODUCT_NAME:rfc1034identifier)";
				PRODUCT_NAME = "计算TableView高度.temp_caseinsensitive_rename.temp_caseinsensitive_rename";
			};
			name = Debug;
		};
		CCA29B1A1B60C5A600AEA72A /* Release */ = {
			isa = XCBuildConfiguration;
			buildSettings = {
				ASSETCATALOG_COMPILER_APPICON_NAME = AppIcon;
				INFOPLIST_FILE = "动态计算TableView高度/Info.plist";
				LD_RUNPATH_SEARCH_PATHS = "$(inherited) @executable_path/Frameworks";
				PRODUCT_BUNDLE_IDENTIFIER = "welcom.$(PRODUCT_NAME:rfc1034identifier)";
				PRODUCT_NAME = "计算TableView高度.temp_caseinsensitive_rename.temp_caseinsensitive_rename";
			};
			name = Release;
		};
/* End XCBuildConfiguration section */

/* Begin XCConfigurationList section */
		CCA29AF01B60C5A600AEA72A /* Build configuration list for PBXProject "计算TableView高度" */ = {
			isa = XCConfigurationList;
			buildConfigurations = (
				CCA29B161B60C5A600AEA72A /* Debug */,
				CCA29B171B60C5A600AEA72A /* Release */,
			);
			defaultConfigurationIsVisible = 0;
			defaultConfigurationName = Release;
		};
		CCA29B181B60C5A600AEA72A /* Build configuration list for PBXNativeTarget "计算TableView高度.temp_caseinsensitive_rename.temp_caseinsensitive_rename" */ = {
			isa = XCConfigurationList;
			buildConfigurations = (
				CCA29B191B60C5A600AEA72A /* Debug */,
				CCA29B1A1B60C5A600AEA72A /* Release */,
			);
			defaultConfigurationIsVisible = 0;
			defaultConfigurationName = Release;
		};
/* End XCConfigurationList section */
	};
	rootObject = CCA29AED1B60C5A600AEA72A /* Project object */;
}
